
Microsoft Visual Studio Solution File, Format Version 12.00
# Visual Studio Version 16
VisualStudioVersion = 16.0.31702.278
MinimumVisualStudioVersion = 10.0.40219.1
Project("{9A19103F-16F7-4668-BE54-9A1E7A4F7556}") = "el proyecte grande sprint 2", "el proyecte grande sprint 2.csproj", "{50EE0706-CDB5-4581-8148-D6137C0E88D9}"
EndProject
Global
	GlobalSection(SolutionConfigurationPlatforms) = preSolution
		Debug|Any CPU = Debug|Any CPU
		Release|Any CPU = Release|Any CPU
	EndGlobalSection
	GlobalSection(ProjectConfigurationPlatforms) = postSolution
		{50EE0706-CDB5-4581-8148-D6137C0E88D9}.Debug|Any CPU.ActiveCfg = Debug|Any CPU
		{50EE0706-CDB5-4581-8148-D6137C0E88D9}.Debug|Any CPU.Build.0 = Debug|Any CPU
		{50EE0706-CDB5-4581-8148-D6137C0E88D9}.Release|Any CPU.ActiveCfg = Release|Any CPU
		{50EE0706-CDB5-4581-8148-D6137C0E88D9}.Release|Any CPU.Build.0 = Release|Any CPU
	EndGlobalSection
	GlobalSection(SolutionProperties) = preSolution
		HideSolutionNode = FALSE
	EndGlobalSection
	GlobalSection(ExtensibilityGlobals) = postSolution
		SolutionGuid = {7932EB84-46AF-450D-BDA7-71E0A71BB648}
	EndGlobalSection
EndGlobal
